Microsoft Visual Studio Solution File, Format Version 11.00
# Visual Studio 2008

Project("{D8B18BE9-DF2F-44EB-3A8E-D44EEA39743C}") = "Sprint Reloaded", "Assembly-CSharp.csproj", "{DDDFBE99-2FF8-14F6-252F-73B452EE0846}"
EndProject
Global
	GlobalSection(SolutionConfigurationPlatforms) = preSolution
		Debug|Any CPU = Debug|Any CPU
		Release|Any CPU = Release|Any CPU
	EndGlobalSection
	GlobalSection(ProjectConfigurationPlatforms) = postSolution
		{DDDFBE99-2FF8-14F6-252F-73B452EE0846}.Debug|Any CPU.ActiveCfg = Debug|Any CPU
		{DDDFBE99-2FF8-14F6-252F-73B452EE0846}.Debug|Any CPU.Build.0 = Debug|Any CPU
		{DDDFBE99-2FF8-14F6-252F-73B452EE0846}.Release|Any CPU.ActiveCfg = Release|Any CPU
		{DDDFBE99-2FF8-14F6-252F-73B452EE0846}.Release|Any CPU.Build.0 = Release|Any CPU
	EndGlobalSection
	GlobalSection(SolutionProperties) = preSolution
		HideSolutionNode = FALSE
	EndGlobalSection
	GlobalSection(MonoDevelopProperties) = preSolution
		StartupItem = Assembly-CSharp.csproj
	EndGlobalSection
EndGlobal
